
Microsoft Visual Studio Solution File, Format Version 12.00
# Visual Studio Version 16
VisualStudioVersion = 16.0.29613.14
MinimumVisualStudioVersion = 10.0.40219.1
Project("{FAE04EC0-301F-11D3-BF4B-00C04F79EFBC}") = "RPSLS", "RPSLS\RPSLS.csproj", "{28840CCF-9D79-4F82-9A84-0354ABAA4046}"
EndProject
Global
	GlobalSection(SolutionConfigurationPlatforms) = preSolution
		Debug|Any CPU = Debug|Any CPU
		Release|Any CPU = Release|Any CPU
	EndGlobalSection
	GlobalSection(ProjectConfigurationPlatforms) = postSolution
		{28840CCF-9D79-4F82-9A84-0354ABAA4046}.Debug|Any CPU.ActiveCfg = Debug|Any CPU
		{28840CCF-9D79-4F82-9A84-0354ABAA4046}.Debug|Any CPU.Build.0 = Debug|Any CPU
		{28840CCF-9D79-4F82-9A84-0354ABAA4046}.Release|Any CPU.ActiveCfg = Release|Any CPU
		{28840CCF-9D79-4F82-9A84-0354ABAA4046}.Release|Any CPU.Build.0 = Release|Any CPU
	EndGlobalSection
	GlobalSection(SolutionProperties) = preSolution
		HideSolutionNode = FALSE
	EndGlobalSection
	GlobalSection(ExtensibilityGlobals) = postSolution
		SolutionGuid = {4A2B7286-CDA9-41C3-8F97-E972005FF1A0}
	EndGlobalSection
EndGlobal
